
Microsoft Visual Studio Solution File, Format Version 11.00
# Visual Studio 2010
Project("{FAE04EC0-301F-11D3-BF4B-00C04F79EFBC}") = "DevQuanLyBanHang", "DevQuanLyBanHang\DevQuanLyBanHang.csproj", "{40665EE2-7BA4-4620-80A9-65B9589E8596}"
EndProject
Project("{FAE04EC0-301F-11D3-BF4B-00C04F79EFBC}") = "DataAccessLayer", "DataAccessLayer\DataAccessLayer.csproj", "{D078D305-BFB6-4A6C-B70F-A907873F2836}"
EndProject
Project("{FAE04EC0-301F-11D3-BF4B-00C04F79EFBC}") = "BusinessAccessLayer", "BusinessAccessLayer\BusinessAccessLayer.csproj", "{8FCDBA4F-BCED-4203-8415-654F39D25F93}"
EndProject
Global
	GlobalSection(SolutionConfigurationPlatforms) = preSolution
		Debug|Any CPU = Debug|Any CPU
		Release|Any CPU = Release|Any CPU
	EndGlobalSection
	GlobalSection(ProjectConfigurationPlatforms) = postSolution
		{40665EE2-7BA4-4620-80A9-65B9589E8596}.Debug|Any CPU.ActiveCfg = Debug|Any CPU
		{40665EE2-7BA4-4620-80A9-65B9589E8596}.Debug|Any CPU.Build.0 = Debug|Any CPU
		{40665EE2-7BA4-4620-80A9-65B9589E8596}.Release|Any CPU.ActiveCfg = Release|Any CPU
		{40665EE2-7BA4-4620-80A9-65B9589E8596}.Release|Any CPU.Build.0 = Release|Any CPU
		{D078D305-BFB6-4A6C-B70F-A907873F2836}.Debug|Any CPU.ActiveCfg = Debug|Any CPU
		{D078D305-BFB6-4A6C-B70F-A907873F2836}.Debug|Any CPU.Build.0 = Debug|Any CPU
		{D078D305-BFB6-4A6C-B70F-A907873F2836}.Release|Any CPU.ActiveCfg = Release|Any CPU
		{D078D305-BFB6-4A6C-B70F-A907873F2836}.Release|Any CPU.Build.0 = Release|Any CPU
		{8FCDBA4F-BCED-4203-8415-654F39D25F93}.Debug|Any CPU.ActiveCfg = Debug|Any CPU
		{8FCDBA4F-BCED-4203-8415-654F39D25F93}.Debug|Any CPU.Build.0 = Debug|Any CPU
		{8FCDBA4F-BCED-4203-8415-654F39D25F93}.Release|Any CPU.ActiveCfg = Release|Any CPU
		{8FCDBA4F-BCED-4203-8415-654F39D25F93}.Release|Any CPU.Build.0 = Release|Any CPU
	EndGlobalSection
	GlobalSection(SolutionProperties) = preSolution
		HideSolutionNode = FALSE
	EndGlobalSection
EndGlobal
